
Microsoft Visual Studio Solution File, Format Version 12.00
# Visual Studio Version 17
VisualStudioVersion = 17.11.35208.52
MinimumVisualStudioVersion = 10.0.40219.1
Project("{FAE04EC0-301F-11D3-BF4B-00C04F79EFBC}") = "WindowsFormsApp1", "WindowsFormsApp1\WindowsFormsApp1.csproj", "{9C034A85-C0D6-47D6-A831-526816476E1F}"
EndProject
Global
	GlobalSection(SolutionConfigurationPlatforms) = preSolution
		Debug|Any CPU = Debug|Any CPU
		Release|Any CPU = Release|Any CPU
	EndGlobalSection
	GlobalSection(ProjectConfigurationPlatforms) = postSolution
		{9C034A85-C0D6-47D6-A831-526816476E1F}.Debug|Any CPU.ActiveCfg = Debug|Any CPU
		{9C034A85-C0D6-47D6-A831-526816476E1F}.Debug|Any CPU.Build.0 = Debug|Any CPU
		{9C034A85-C0D6-47D6-A831-526816476E1F}.Release|Any CPU.ActiveCfg = Release|Any CPU
		{9C034A85-C0D6-47D6-A831-526816476E1F}.Release|Any CPU.Build.0 = Release|Any CPU
	EndGlobalSection
	GlobalSection(SolutionProperties) = preSolution
		HideSolutionNode = FALSE
	EndGlobalSection
	GlobalSection(ExtensibilityGlobals) = postSolution
		SolutionGuid = {7B9CD522-4776-451F-BA85-A0E8C1D9E44B}
	EndGlobalSection
EndGlobal
